{
  "name": "ex04",
  "version": "1.0.0",
  "lockfileVersion": 1,
  "requires": true,
  "dependencies": {
    "pristinejs": {
      "version": "0.1.9",
      "resolved": "https://registry.npmjs.org/pristinejs/-/pristinejs-0.1.9.tgz",
      "integrity": "sha512-RasEJ5wqe16mNQ6nUtf358Kr9NoqLHjiXdbYmdv5zf1TR4Rc4HHrP81gWAeVFXETzl0CAgHgAGNzSCzTWT4wFA=="
    }
  }
}
