{
  "requires": true,
  "lockfileVersion": 1,
  "dependencies": {
    "@fancyapps/ui": {
      "version": "4.0.9",
      "resolved": "https://registry.npmjs.org/@fancyapps/ui/-/ui-4.0.9.tgz",
      "integrity": "sha512-iBkzOdTmXQoe8HIjG9ujZKQEyieO7MJtHE+a+Ip5YDDMwjwRfAfRjWZJkhmnJEV8tvfTZ92MC/cePRdCn3GHHQ=="
    }
  }
}
